
Microsoft Visual Studio Solution File, Format Version 12.00
# Visual Studio 2013
VisualStudioVersion = 12.0.30324.0
MinimumVisualStudioVersion = 10.0.40219.1
Project("{FAE04EC0-301F-11D3-BF4B-00C04F79EFBC}") = "MessagePanelControl", "MessagePanelControl\MessagePanelControl.csproj", "{891AC019-9937-4C9F-9A15-0271183129BC}"
EndProject
Project("{FAE04EC0-301F-11D3-BF4B-00C04F79EFBC}") = "MessagePanelDemoApp", "DemoApp\MessagePanelDemoApp.csproj", "{6111DFC9-D9D4-4C93-BA08-C654F8B5BF9B}"
EndProject
Global
	GlobalSection(SolutionConfigurationPlatforms) = preSolution
		Debug|Any CPU = Debug|Any CPU
		Release|Any CPU = Release|Any CPU
	EndGlobalSection
	GlobalSection(ProjectConfigurationPlatforms) = postSolution
		{891AC019-9937-4C9F-9A15-0271183129BC}.Debug|Any CPU.ActiveCfg = Debug|Any CPU
		{891AC019-9937-4C9F-9A15-0271183129BC}.Debug|Any CPU.Build.0 = Debug|Any CPU
		{891AC019-9937-4C9F-9A15-0271183129BC}.Release|Any CPU.ActiveCfg = Release|Any CPU
		{891AC019-9937-4C9F-9A15-0271183129BC}.Release|Any CPU.Build.0 = Release|Any CPU
		{6111DFC9-D9D4-4C93-BA08-C654F8B5BF9B}.Debug|Any CPU.ActiveCfg = Debug|Any CPU
		{6111DFC9-D9D4-4C93-BA08-C654F8B5BF9B}.Debug|Any CPU.Build.0 = Debug|Any CPU
		{6111DFC9-D9D4-4C93-BA08-C654F8B5BF9B}.Release|Any CPU.ActiveCfg = Release|Any CPU
		{6111DFC9-D9D4-4C93-BA08-C654F8B5BF9B}.Release|Any CPU.Build.0 = Release|Any CPU
	EndGlobalSection
	GlobalSection(SolutionProperties) = preSolution
		HideSolutionNode = FALSE
	EndGlobalSection
EndGlobal
